{
  "nodes": {
    "cosmo": {
      "flake": false,
      "locked": {
        "lastModified": 1716786888,
        "narHash": "sha256-Ljyc0Jr7luKbLT7SEzm7lOhMm4gmJTfPHvYn5AhHCm8=",
        "type": "tarball",
        "url": "https://cosmo.zip/pub/cosmocc/cosmocc-3.3.10.zip"
      },
      "original": {
        "type": "tarball",
        "url": "https://cosmo.zip/pub/cosmocc/cosmocc-3.3.10.zip"
      }
    },
    "flake-parts": {
      "inputs": {
        "nixpkgs-lib": "nixpkgs-lib"
      },
      "locked": {
        "lastModified": 1754420989,
        "narHash": "sha256-3e4wHzNwTMg7GaeLH9A091DMaO9AfFxUjpfqbddCUeo=",
        "owner": "hercules-ci",
        "repo": "flake-parts",
        "rev": "7f38f25a44023a21a504bd3fd9d4f41c4a39f55c",
        "type": "github"
      },
      "original": {
        "owner": "hercules-ci",
        "repo": "flake-parts",
        "type": "github"
      }
    },
    "nixpkgs": {
      "locked": {
        "lastModified": 1757745802,
        "narHash": "sha256-hLEO2TPj55KcUFUU1vgtHE9UEIOjRcH/4QbmfHNF820=",
        "owner": "nixos",
        "repo": "nixpkgs",
        "rev": "c23193b943c6c689d70ee98ce3128239ed9e32d1",
        "type": "github"
      },
      "original": {
        "owner": "nixos",
        "ref": "nixos-unstable",
        "repo": "nixpkgs",
        "type": "github"
      }
    },
    "nixpkgs-lib": {
      "locked": {
        "lastModified": 1753579242,
        "narHash": "sha256-zvaMGVn14/Zz8hnp4VWT9xVnhc8vuL3TStRqwk22biA=",
        "owner": "nix-community",
        "repo": "nixpkgs.lib",
        "rev": "0f36c44e01a6129be94e3ade315a5883f0228a6e",
        "type": "github"
      },
      "original": {
        "owner": "nix-community",
        "repo": "nixpkgs.lib",
        "type": "github"
      }
    },
    "perlSrc": {
      "flake": false,
      "locked": {
        "narHash": "sha256-V8a6oHgn1cR70Hznn5znKMRb6gwOLE3z9WdSWYKH+E4=",
        "type": "file",
        "url": "https://github.com/Perl/perl5/archive/refs/tags/v5.36.3.tar.gz"
      },
      "original": {
        "type": "file",
        "url": "https://github.com/Perl/perl5/archive/refs/tags/v5.36.3.tar.gz"
      }
    },
    "root": {
      "inputs": {
        "cosmo": "cosmo",
        "flake-parts": "flake-parts",
        "nixpkgs": "nixpkgs",
        "perlSrc": "perlSrc"
      }
    }
  },
  "root": "root",
  "version": 7
}
